
Microsoft Visual Studio Solution File, Format Version 12.00
# Visual Studio Version 16
VisualStudioVersion = 16.0.30114.105
MinimumVisualStudioVersion = 10.0.40219.1
Project("{FAE04EC0-301F-11D3-BF4B-00C04F79EFBC}") = "Api", "Api\Api.csproj", "{36248F64-603D-40E8-82C4-F450024FF53E}"
EndProject
Project("{FAE04EC0-301F-11D3-BF4B-00C04F79EFBC}") = "Test", "Test\Test.csproj", "{401EC854-3977-4F32-A494-67452AF67444}"
EndProject
Global
	GlobalSection(SolutionConfigurationPlatforms) = preSolution
		Debug|Any CPU = Debug|Any CPU
		Debug|x64 = Debug|x64
		Debug|x86 = Debug|x86
		Release|Any CPU = Release|Any CPU
		Release|x64 = Release|x64
		Release|x86 = Release|x86
	EndGlobalSection
	GlobalSection(SolutionProperties) = preSolution
		HideSolutionNode = FALSE
	EndGlobalSection
	GlobalSection(ProjectConfigurationPlatforms) = postSolution
		{36248F64-603D-40E8-82C4-F450024FF53E}.Debug|Any CPU.ActiveCfg = Debug|Any CPU
		{36248F64-603D-40E8-82C4-F450024FF53E}.Debug|Any CPU.Build.0 = Debug|Any CPU
		{36248F64-603D-40E8-82C4-F450024FF53E}.Debug|x64.ActiveCfg = Debug|Any CPU
		{36248F64-603D-40E8-82C4-F450024FF53E}.Debug|x64.Build.0 = Debug|Any CPU
		{36248F64-603D-40E8-82C4-F450024FF53E}.Debug|x86.ActiveCfg = Debug|Any CPU
		{36248F64-603D-40E8-82C4-F450024FF53E}.Debug|x86.Build.0 = Debug|Any CPU
		{36248F64-603D-40E8-82C4-F450024FF53E}.Release|Any CPU.ActiveCfg = Release|Any CPU
		{36248F64-603D-40E8-82C4-F450024FF53E}.Release|Any CPU.Build.0 = Release|Any CPU
		{36248F64-603D-40E8-82C4-F450024FF53E}.Release|x64.ActiveCfg = Release|Any CPU
		{36248F64-603D-40E8-82C4-F450024FF53E}.Release|x64.Build.0 = Release|Any CPU
		{36248F64-603D-40E8-82C4-F450024FF53E}.Release|x86.ActiveCfg = Release|Any CPU
		{36248F64-603D-40E8-82C4-F450024FF53E}.Release|x86.Build.0 = Release|Any CPU
		{401EC854-3977-4F32-A494-67452AF67444}.Debug|Any CPU.ActiveCfg = Debug|Any CPU
		{401EC854-3977-4F32-A494-67452AF67444}.Debug|Any CPU.Build.0 = Debug|Any CPU
		{401EC854-3977-4F32-A494-67452AF67444}.Debug|x64.ActiveCfg = Debug|Any CPU
		{401EC854-3977-4F32-A494-67452AF67444}.Debug|x64.Build.0 = Debug|Any CPU
		{401EC854-3977-4F32-A494-67452AF67444}.Debug|x86.ActiveCfg = Debug|Any CPU
		{401EC854-3977-4F32-A494-67452AF67444}.Debug|x86.Build.0 = Debug|Any CPU
		{401EC854-3977-4F32-A494-67452AF67444}.Release|Any CPU.ActiveCfg = Release|Any CPU
		{401EC854-3977-4F32-A494-67452AF67444}.Release|Any CPU.Build.0 = Release|Any CPU
		{401EC854-3977-4F32-A494-67452AF67444}.Release|x64.ActiveCfg = Release|Any CPU
		{401EC854-3977-4F32-A494-67452AF67444}.Release|x64.Build.0 = Release|Any CPU
		{401EC854-3977-4F32-A494-67452AF67444}.Release|x86.ActiveCfg = Release|Any CPU
		{401EC854-3977-4F32-A494-67452AF67444}.Release|x86.Build.0 = Release|Any CPU
	EndGlobalSection
EndGlobal
